// !$*UTF8*$!
{
	archiveVersion = 1;
	classes = {
	};
	objectVersion = 46;
	objects = {

/* Begin PBXBuildFile section */
		04E6BED717E6D39E005499A8 /* UIKit.framework in Frameworks */ = {isa = PBXBuildFile; fileRef = 04E6BED617E6D39E005499A8 /* UIKit.framework */; };
		04E6BED917E6D39E005499A8 /* Foundation.framework in Frameworks */ = {isa = PBXBuildFile; fileRef = 04E6BED817E6D39E005499A8 /* Foundation.framework */; };
		04E6BEDB17E6D39E005499A8 /* CoreGraphics.framework in Frameworks */ = {isa = PBXBuildFile; fileRef = 04E6BEDA17E6D39E005499A8 /* CoreGraphics.framework */; };
		04E6BEE117E6D39E005499A8 /* InfoPlist.strings in Resources */ = {isa = PBXBuildFile; fileRef = 04E6BEDF17E6D39E005499A8 /* InfoPlist.strings */; };
		04E6BEE317E6D39E005499A8 /* main.m in Sources */ = {isa = PBXBuildFile; fileRef = 04E6BEE217E6D39E005499A8 /* main.m */; };
		04E6BEE717E6D39E005499A8 /* AppDelegate.m in Sources */ = {isa = PBXBuildFile; fileRef = 04E6BEE617E6D39E005499A8 /* AppDelegate.m */; };
		04E6BEE917E6D39E005499A8 /* Default.png in Resources */ = {isa = PBXBuildFile; fileRef = 04E6BEE817E6D39E005499A8 /* Default.png */; };
		04E6BEEB17E6D39E005499A8 /* Default@2x.png in Resources */ = {isa = PBXBuildFile; fileRef = 04E6BEEA17E6D39E005499A8 /* Default@2x.png */; };
		04E6BEED17E6D39E005499A8 /* Default-568h@2x.png in Resources */ = {isa = PBXBuildFile; fileRef = 04E6BEEC17E6D39E005499A8 /* Default-568h@2x.png */; };
		04E6BEF017E6D39E005499A8 /* MainStoryboard.storyboard in Resources */ = {isa = PBXBuildFile; fileRef = 04E6BEEE17E6D39E005499A8 /* MainStoryboard.storyboard */; };
		04E6BEF317E6D39E005499A8 /* ViewController.m in Sources */ = {isa = PBXBuildFile; fileRef = 04E6BEF217E6D39E005499A8 /* ViewController.m */; };
/* End PBXBuildFile section */

/* Begin PBXFileReference section */
		04E6BED317E6D39E005499A8 /* calc.app */ = {isa = PBXFileReference; explicitFileType = wrapper.application; includeInIndex = 0; path = calc.app; sourceTree = BUILT_PRODUCTS_DIR; };
		04E6BED617E6D39E005499A8 /* UIKit.framework */ = {isa = PBXFileReference; lastKnownFileType = wrapper.framework; name = UIKit.framework; path = System/Library/Frameworks/UIKit.framework; sourceTree = SDKROOT; };
		04E6BED817E6D39E005499A8 /* Foundation.framework */ = {isa = PBXFileReference; lastKnownFileType = wrapper.framework; name = Foundation.framework; path = System/Library/Frameworks/Foundation.framework; sourceTree = SDKROOT; };
		04E6BEDA17E6D39E005499A8 /* CoreGraphics.framework */ = {isa = PBXFileReference; lastKnownFileType = wrapper.framework; name = CoreGraphics.framework; path = System/Library/Frameworks/CoreGraphics.framework; sourceTree = SDKROOT; };
		04E6BEDE17E6D39E005499A8 /* calc-Info.plist */ = {isa = PBXFileReference; lastKnownFileType = text.plist.xml; path = "calc-Info.plist"; sourceTree = "<group>"; };
		04E6BEE017E6D39E005499A8 /* en */ = {isa = PBXFileReference; lastKnownFileType = text.plist.strings; name = en; path = en.lproj/InfoPlist.strings; sourceTree = "<group>"; };
		04E6BEE217E6D39E005499A8 /* main.m */ = {isa = PBXFileReference; lastKnownFileType = sourcecode.c.objc; path = main.m; sourceTree = "<group>"; };
		04E6BEE417E6D39E005499A8 /* calc-Prefix.pch */ = {isa = PBXFileReference; lastKnownFileType = sourcecode.c.h; path = "calc-Prefix.pch"; sourceTree = "<group>"; };
		04E6BEE517E6D39E005499A8 /* AppDelegate.h */ = {isa = PBXFileReference; lastKnownFileType = sourcecode.c.h; path = AppDelegate.h; sourceTree = "<group>"; };
		04E6BEE617E6D39E005499A8 /* AppDelegate.m */ = {isa = PBXFileReference; lastKnownFileType = sourcecode.c.objc; path = AppDelegate.m; sourceTree = "<group>"; };
		04E6BEE817E6D39E005499A8 /* Default.png */ = {isa = PBXFileReference; lastKnownFileType = image.png; path = Default.png; sourceTree = "<group>"; };
		04E6BEEA17E6D39E005499A8 /* Default@2x.png */ = {isa = PBXFileReference; lastKnownFileType = image.png; path = "Default@2x.png"; sourceTree = "<group>"; };
		04E6BEEC17E6D39E005499A8 /* Default-568h@2x.png */ = {isa = PBXFileReference; lastKnownFileType = image.png; path = "Default-568h@2x.png"; sourceTree = "<group>"; };
		04E6BEEF17E6D39E005499A8 /* en */ = {isa = PBXFileReference; lastKnownFileType = file.storyboard; name = en; path = en.lproj/MainStoryboard.storyboard; sourceTree = "<group>"; };
		04E6BEF117E6D39E005499A8 /* ViewController.h */ = {isa = PBXFileReference; lastKnownFileType = sourcecode.c.h; path = ViewController.h; sourceTree = "<group>"; };
		04E6BEF217E6D39E005499A8 /* ViewController.m */ = {isa = PBXFileReference; lastKnownFileType = sourcecode.c.objc; path = ViewController.m; sourceTree = "<group>"; };
/* End PBXFileReference section */

/* Begin PBXFrameworksBuildPhase section */
		04E6BED017E6D39E005499A8 /* Frameworks */ = {
			isa = PBXFrameworksBuildPhase;
			buildActionMask = 2147483647;
			files = (
				04E6BED717E6D39E005499A8 /* UIKit.framework in Frameworks */,
				04E6BED917E6D39E005499A8 /* Foundation.framework in Frameworks */,
				04E6BEDB17E6D39E005499A8 /* CoreGraphics.framework in Frameworks */,
			);
			runOnlyForDeploymentPostprocessing = 0;
		};
/* End PBXFrameworksBuildPhase section */

/* Begin PBXGroup section */
		04E6BECA17E6D39E005499A8 = {
			isa = PBXGroup;
			children = (
				04E6BEDC17E6D39E005499A8 /* calc */,
				04E6BED517E6D39E005499A8 /* Frameworks */,
				04E6BED417E6D39E005499A8 /* Products */,
			);
			sourceTree = "<group>";
		};
		04E6BED417E6D39E005499A8 /* Products */ = {
			isa = PBXGroup;
			children = (
				04E6BED317E6D39E005499A8 /* calc.app */,
			);
			name = Products;
			sourceTree = "<group>";
		};
		04E6BED517E6D39E005499A8 /* Frameworks */ = {
			isa = PBXGroup;
			children = (
				04E6BED617E6D39E005499A8 /* UIKit.framework */,
				04E6BED817E6D39E005499A8 /* Foundation.framework */,
				04E6BEDA17E6D39E005499A8 /* CoreGraphics.framework */,
			);
			name = Frameworks;
			sourceTree = "<group>";
		};
		04E6BEDC17E6D39E005499A8 /* calc */ = {
			isa = PBXGroup;
			children = (
				04E6BEE517E6D39E005499A8 /* AppDelegate.h */,
				04E6BEE617E6D39E005499A8 /* AppDelegate.m */,
				04E6BEEE17E6D39E005499A8 /* MainStoryboard.storyboard */,
				04E6BEF117E6D39E005499A8 /* ViewController.h */,
				04E6BEF217E6D39E005499A8 /* ViewController.m */,
				04E6BEDD17E6D39E005499A8 /* Supporting Files */,
			);
			path = calc;
			sourceTree = "<group>";
		};
		04E6BEDD17E6D39E005499A8 /* Supporting Files */ = {
			isa = PBXGroup;
			children = (
				04E6BEDE17E6D39E005499A8 /* calc-Info.plist */,
				04E6BEDF17E6D39E005499A8 /* InfoPlist.strings */,
				04E6BEE217E6D39E005499A8 /* main.m */,
				04E6BEE417E6D39E005499A8 /* calc-Prefix.pch */,
				04E6BEE817E6D39E005499A8 /* Default.png */,
				04E6BEEA17E6D39E005499A8 /* Default@2x.png */,
				04E6BEEC17E6D39E005499A8 /* Default-568h@2x.png */,
			);
			name = "Supporting Files";
			sourceTree = "<group>";
		};
/* End PBXGroup section */

/* Begin PBXNativeTarget section */
		04E6BED217E6D39E005499A8 /* calc */ = {
			isa = PBXNativeTarget;
			buildConfigurationList = 04E6BEF617E6D39E005499A8 /* Build configuration list for PBXNativeTarget "calc" */;
			buildPhases = (
				04E6BECF17E6D39E005499A8 /* Sources */,
				04E6BED017E6D39E005499A8 /* Frameworks */,
				04E6BED117E6D39E005499A8 /* Resources */,
			);
			buildRules = (
			);
			dependencies = (
			);
			name = calc;
			productName = calc;
			productReference = 04E6BED317E6D39E005499A8 /* calc.app */;
			productType = "com.apple.product-type.application";
		};
/* End PBXNativeTarget section */

/* Begin PBXProject section */
		04E6BECB17E6D39E005499A8 /* Project object */ = {
			isa = PBXProject;
			attributes = {
				LastUpgradeCheck = 0460;
				ORGANIZATIONNAME = Mac;
			};
			buildConfigurationList = 04E6BECE17E6D39E005499A8 /* Build configuration list for PBXProject "calc" */;
			compatibilityVersion = "Xcode 3.2";
			developmentRegion = English;
			hasScannedForEncodings = 0;
			knownRegions = (
				en,
			);
			mainGroup = 04E6BECA17E6D39E005499A8;
			productRefGroup = 04E6BED417E6D39E005499A8 /* Products */;
			projectDirPath = "";
			projectRoot = "";
			targets = (
				04E6BED217E6D39E005499A8 /* calc */,
			);
		};
/* End PBXProject section */

/* Begin PBXResourcesBuildPhase section */
		04E6BED117E6D39E005499A8 /* Resources */ = {
			isa = PBXResourcesBuildPhase;
			buildActionMask = 2147483647;
			files = (
				04E6BEE117E6D39E005499A8 /* InfoPlist.strings in Resources */,
				04E6BEE917E6D39E005499A8 /* Default.png in Resources */,
				04E6BEEB17E6D39E005499A8 /* Default@2x.png in Resources */,
				04E6BEED17E6D39E005499A8 /* Default-568h@2x.png in Resources */,
				04E6BEF017E6D39E005499A8 /* MainStoryboard.storyboard in Resources */,
			);
			runOnlyForDeploymentPostprocessing = 0;
		};
/* End PBXResourcesBuildPhase section */

/* Begin PBXSourcesBuildPhase section */
		04E6BECF17E6D39E005499A8 /* Sources */ = {
			isa = PBXSourcesBuildPhase;
			buildActionMask = 2147483647;
			files = (
				04E6BEE317E6D39E005499A8 /* main.m in Sources */,
				04E6BEE717E6D39E005499A8 /* AppDelegate.m in Sources */,
				04E6BEF317E6D39E005499A8 /* ViewController.m in Sources */,
			);
			runOnlyForDeploymentPostprocessing = 0;
		};
/* End PBXSourcesBuildPhase section */

/* Begin PBXVariantGroup section */
		04E6BEDF17E6D39E005499A8 /* InfoPlist.strings */ = {
			isa = PBXVariantGroup;
			children = (
				04E6BEE017E6D39E005499A8 /* en */,
			);
			name = InfoPlist.strings;
			sourceTree = "<group>";
		};
		04E6BEEE17E6D39E005499A8 /* MainStoryboard.storyboard */ = {
			isa = PBXVariantGroup;
			children = (
				04E6BEEF17E6D39E005499A8 /* en */,
			);
			name = MainStoryboard.storyboard;
			sourceTree = "<group>";
		};
/* End PBXVariantGroup section */

/* Begin XCBuildConfiguration section */
		04E6BEF417E6D39E005499A8 /* Debug */ = {
			isa = XCBuildConfiguration;
			buildSettings = {
				ALWAYS_SEARCH_USER_PATHS = NO;
				CLANG_CXX_LANGUAGE_STANDARD = "gnu++0x";
				CLANG_CXX_LIBRARY = "libc++";
				CLANG_WARN_CONSTANT_CONVERSION = YES;
				CLANG_WARN_EMPTY_BODY = YES;
				CLANG_WARN_ENUM_CONVERSION = YES;
				CLANG_WARN_INT_CONVERSION = YES;
				CLANG_WARN__DUPLICATE_METHOD_MATCH = YES;
				"CODE_SIGN_IDENTITY[sdk=iphoneos*]" = "iPhone Developer";
				COPY_PHASE_STRIP = NO;
				GCC_C_LANGUAGE_STANDARD = gnu99;
				GCC_DYNAMIC_NO_PIC = NO;
				GCC_OPTIMIZATION_LEVEL = 0;
				GCC_PREPROCESSOR_DEFINITIONS = (
					"DEBUG=1",
					"$(inherited)",
				);
				GCC_SYMBOLS_PRIVATE_EXTERN = NO;
				GCC_WARN_ABOUT_RETURN_TYPE = YES;
				GCC_WARN_UNINITIALIZED_AUTOS = YES;
				GCC_WARN_UNUSED_VARIABLE = YES;
				IPHONEOS_DEPLOYMENT_TARGET = 6.1;
				ONLY_ACTIVE_ARCH = YES;
				SDKROOT = iphoneos;
			};
			name = Debug;
		};
		04E6BEF517E6D39E005499A8 /* Release */ = {
			isa = XCBuildConfiguration;
			buildSettings = {
				ALWAYS_SEARCH_USER_PATHS = NO;
				CLANG_CXX_LANGUAGE_STANDARD = "gnu++0x";
				CLANG_CXX_LIBRARY = "libc++";
				CLANG_WARN_CONSTANT_CONVERSION = YES;
				CLANG_WARN_EMPTY_BODY = YES;
				CLANG_WARN_ENUM_CONVERSION = YES;
				CLANG_WARN_INT_CONVERSION = YES;
				CLANG_WARN__DUPLICATE_METHOD_MATCH = YES;
				"CODE_SIGN_IDENTITY[sdk=iphoneos*]" = "iPhone Developer";
				COPY_PHASE_STRIP = YES;
				GCC_C_LANGUAGE_STANDARD = gnu99;
				GCC_WARN_ABOUT_RETURN_TYPE = YES;
				GCC_WARN_UNINITIALIZED_AUTOS = YES;
				GCC_WARN_UNUSED_VARIABLE = YES;
				IPHONEOS_DEPLOYMENT_TARGET = 6.1;
				OTHER_CFLAGS = "-DNS_BLOCK_ASSERTIONS=1";
				SDKROOT = iphoneos;
				VALIDATE_PRODUCT = YES;
			};
			name = Release;
		};
		04E6BEF717E6D39E005499A8 /* Debug */ = {
			isa = XCBuildConfiguration;
			buildSettings = {
				GCC_PRECOMPILE_PREFIX_HEADER = YES;
				GCC_PREFIX_HEADER = "calc/calc-Prefix.pch";
				INFOPLIST_FILE = "calc/calc-Info.plist";
				PRODUCT_NAME = "$(TARGET_NAME)";
				WRAPPER_EXTENSION = app;
			};
			name = Debug;
		};
		04E6BEF817E6D39E005499A8 /* Release */ = {
			isa = XCBuildConfiguration;
			buildSettings = {
				GCC_PRECOMPILE_PREFIX_HEADER = YES;
				GCC_PREFIX_HEADER = "calc/calc-Prefix.pch";
				INFOPLIST_FILE = "calc/calc-Info.plist";
				PRODUCT_NAME = "$(TARGET_NAME)";
				WRAPPER_EXTENSION = app;
			};
			name = Release;
		};
/* End XCBuildConfiguration section */

/* Begin XCConfigurationList section */
		04E6BECE17E6D39E005499A8 /* Build configuration list for PBXProject "calc" */ = {
			isa = XCConfigurationList;
			buildConfigurations = (
				04E6BEF417E6D39E005499A8 /* Debug */,
				04E6BEF517E6D39E005499A8 /* Release */,
			);
			defaultConfigurationIsVisible = 0;
			defaultConfigurationName = Release;
		};
		04E6BEF617E6D39E005499A8 /* Build configuration list for PBXNativeTarget "calc" */ = {
			isa = XCConfigurationList;
			buildConfigurations = (
				04E6BEF717E6D39E005499A8 /* Debug */,
				04E6BEF817E6D39E005499A8 /* Release */,
			);
			defaultConfigurationIsVisible = 0;
		};
/* End XCConfigurationList section */
	};
	rootObject = 04E6BECB17E6D39E005499A8 /* Project object */;
}
